// !$*UTF8*$!
{
	archiveVersion = 1;
	classes = {
	};
	objectVersion = 45;
	objects = {

/* Begin PBXBuildFile section */
		1D60589B0D05DD56006BFB54 /* main.m in Sources */ = {isa = PBXBuildFile; fileRef = 29B97316FDCFA39411CA2CEA /* main.m */; };
		1D60589F0D05DD5A006BFB54 /* Foundation.framework in Frameworks */ = {isa = PBXBuildFile; fileRef = 1D30AB110D05D00D00671497 /* Foundation.framework */; };
		1DF5F4E00D08C38300B7A737 /* UIKit.framework in Frameworks */ = {isa = PBXBuildFile; fileRef = 1DF5F4DF0D08C38300B7A737 /* UIKit.framework */; };
		2860E328111B887F00E27156 /* AppDelegate_Phone.m in Sources */ = {isa = PBXBuildFile; fileRef = 2860E326111B887F00E27156 /* AppDelegate_Phone.m */; };
		2860E329111B887F00E27156 /* MainWindow_Phone.xib in Resources */ = {isa = PBXBuildFile; fileRef = 2860E327111B887F00E27156 /* MainWindow_Phone.xib */; };
		2860E32E111B888700E27156 /* AppDelegate_Pad.m in Sources */ = {isa = PBXBuildFile; fileRef = 2860E32C111B888700E27156 /* AppDelegate_Pad.m */; };
		2860E32F111B888700E27156 /* MainWindow_Pad.xib in Resources */ = {isa = PBXBuildFile; fileRef = 2860E32D111B888700E27156 /* MainWindow_Pad.xib */; };
		288765FD0DF74451002DB57D /* CoreGraphics.framework in Frameworks */ = {isa = PBXBuildFile; fileRef = 288765FC0DF74451002DB57D /* CoreGraphics.framework */; };
		52191F9011B7FDDB006A53C3 /* date.png in Resources */ = {isa = PBXBuildFile; fileRef = 52191F8F11B7FDDB006A53C3 /* date.png */; };
		52191FA611B801C5006A53C3 /* authors.png in Resources */ = {isa = PBXBuildFile; fileRef = 52191FA511B801C5006A53C3 /* authors.png */; };
		52191FA811B801CE006A53C3 /* publishers.png in Resources */ = {isa = PBXBuildFile; fileRef = 52191FA711B801CE006A53C3 /* publishers.png */; };
		52191FAA11B801EE006A53C3 /* genres.png in Resources */ = {isa = PBXBuildFile; fileRef = 52191FA911B801EE006A53C3 /* genres.png */; };
		5219200511B80A79006A53C3 /* books.png in Resources */ = {isa = PBXBuildFile; fileRef = 5219200411B80A79006A53C3 /* books.png */; };
		5220E28311B8EE6800090384 /* Default.png in Resources */ = {isa = PBXBuildFile; fileRef = 5220E28211B8EE6800090384 /* Default.png */; };
		5255D98C11C78DCF003B9FE2 /* ItemDetailViewController.m in Sources */ = {isa = PBXBuildFile; fileRef = 5255D98111C78DCF003B9FE2 /* ItemDetailViewController.m */; };
		5255D98D11C78DCF003B9FE2 /* ItemListViewController.m in Sources */ = {isa = PBXBuildFile; fileRef = 5255D98311C78DCF003B9FE2 /* ItemListViewController.m */; };
		5255D98E11C78DCF003B9FE2 /* ItemWebViewController.m in Sources */ = {isa = PBXBuildFile; fileRef = 5255D98511C78DCF003B9FE2 /* ItemWebViewController.m */; };
		5255D98F11C78DCF003B9FE2 /* ItemWebViewController.xib in Resources */ = {isa = PBXBuildFile; fileRef = 5255D98611C78DCF003B9FE2 /* ItemWebViewController.xib */; };
		5255D99011C78DCF003B9FE2 /* ListViewController.m in Sources */ = {isa = PBXBuildFile; fileRef = 5255D98811C78DCF003B9FE2 /* ListViewController.m */; };
		5255D99111C78DCF003B9FE2 /* WebBrowserViewController.m in Sources */ = {isa = PBXBuildFile; fileRef = 5255D98A11C78DCF003B9FE2 /* WebBrowserViewController.m */; };
		5255D99211C78DCF003B9FE2 /* WebBrowserViewController.xib in Resources */ = {isa = PBXBuildFile; fileRef = 5255D98B11C78DCF003B9FE2 /* WebBrowserViewController.xib */; };
		5255D99A11C7919C003B9FE2 /* HierarchyViewController.m in Sources */ = {isa = PBXBuildFile; fileRef = 5255D99911C7919C003B9FE2 /* HierarchyViewController.m */; };
		52D7F83311ABEAE10018EB4F /* appdata.plist in Resources */ = {isa = PBXBuildFile; fileRef = 52D7F83011ABEAE10018EB4F /* appdata.plist */; };
		52D7F83411ABEAE10018EB4F /* filtersdata.plist in Resources */ = {isa = PBXBuildFile; fileRef = 52D7F83111ABEAE10018EB4F /* filtersdata.plist */; };
		52D7F83511ABEAE10018EB4F /* maindata.plist in Resources */ = {isa = PBXBuildFile; fileRef = 52D7F83211ABEAE10018EB4F /* maindata.plist */; };
		52D7FAA011AD2A1E0018EB4F /* anthem.html in Resources */ = {isa = PBXBuildFile; fileRef = 52D7FA9E11AD2A1E0018EB4F /* anthem.html */; };
		52D7FAA111AD2A1E0018EB4F /* vilebodies.html in Resources */ = {isa = PBXBuildFile; fileRef = 52D7FA9F11AD2A1E0018EB4F /* vilebodies.html */; };
		52D7FB7211AECB040018EB4F /* UIButtonBarArrowLeft.png in Resources */ = {isa = PBXBuildFile; fileRef = 52D7FB6F11AECB040018EB4F /* UIButtonBarArrowLeft.png */; };
		52D7FB7311AECB040018EB4F /* UIButtonBarArrowRight.png in Resources */ = {isa = PBXBuildFile; fileRef = 52D7FB7011AECB040018EB4F /* UIButtonBarArrowRight.png */; };
		52D7FB7411AECB040018EB4F /* UIButtonBarRefresh.png in Resources */ = {isa = PBXBuildFile; fileRef = 52D7FB7111AECB040018EB4F /* UIButtonBarRefresh.png */; };
		52D7FBB611AED2450018EB4F /* UIButtonBarStop.png in Resources */ = {isa = PBXBuildFile; fileRef = 52D7FBB511AED2450018EB4F /* UIButtonBarStop.png */; };
		52D7FC2811AEDBDF0018EB4F /* Splash.png in Resources */ = {isa = PBXBuildFile; fileRef = 52D7FC2711AEDBDF0018EB4F /* Splash.png */; };
		52D7FC6E11AEE1100018EB4F /* QuartzCore.framework in Frameworks */ = {isa = PBXBuildFile; fileRef = 52D7FC6D11AEE1100018EB4F /* QuartzCore.framework */; };
/* End PBXBuildFile section */

/* Begin PBXFileReference section */
		1D30AB110D05D00D00671497 /* Foundation.framework */ = {isa = PBXFileReference; lastKnownFileType = wrapper.framework; name = Foundation.framework; path = System/Library/Frameworks/Foundation.framework; sourceTree = SDKROOT; };
		1D6058910D05DD3D006BFB54 /* HierarchyApp.app */ = {isa = PBXFileReference; explicitFileType = wrapper.application; includeInIndex = 0; path = HierarchyApp.app; sourceTree = BUILT_PRODUCTS_DIR; };
		1DF5F4DF0D08C38300B7A737 /* UIKit.framework */ = {isa = PBXFileReference; lastKnownFileType = wrapper.framework; name = UIKit.framework; path = System/Library/Frameworks/UIKit.framework; sourceTree = SDKROOT; };
		2860E325111B887F00E27156 /* AppDelegate_Phone.h */ = {isa = PBXFileReference; fileEncoding = 4; lastKnownFileType = sourcecode.c.h; path = AppDelegate_Phone.h; sourceTree = "<group>"; };
		2860E326111B887F00E27156 /* AppDelegate_Phone.m */ = {isa = PBXFileReference; fileEncoding = 4; lastKnownFileType = sourcecode.c.objc; path = AppDelegate_Phone.m; sourceTree = "<group>"; };
		2860E327111B887F00E27156 /* MainWindow_Phone.xib */ = {isa = PBXFileReference; lastKnownFileType = file.xib; path = MainWindow_Phone.xib; sourceTree = "<group>"; };
		2860E32B111B888700E27156 /* AppDelegate_Pad.h */ = {isa = PBXFileReference; fileEncoding = 4; lastKnownFileType = sourcecode.c.h; path = AppDelegate_Pad.h; sourceTree = "<group>"; };
		2860E32C111B888700E27156 /* AppDelegate_Pad.m */ = {isa = PBXFileReference; fileEncoding = 4; lastKnownFileType = sourcecode.c.objc; path = AppDelegate_Pad.m; sourceTree = "<group>"; };
		2860E32D111B888700E27156 /* MainWindow_Pad.xib */ = {isa = PBXFileReference; lastKnownFileType = file.xib; path = MainWindow_Pad.xib; sourceTree = "<group>"; };
		288765FC0DF74451002DB57D /* CoreGraphics.framework */ = {isa = PBXFileReference; lastKnownFileType = wrapper.framework; name = CoreGraphics.framework; path = System/Library/Frameworks/CoreGraphics.framework; sourceTree = SDKROOT; };
		29B97316FDCFA39411CA2CEA /* main.m */ = {isa = PBXFileReference; fileEncoding = 4; lastKnownFileType = sourcecode.c.objc; name = main.m; path = Shared/main.m; sourceTree = "<group>"; };
		32CA4F630368D1EE00C91783 /* HierarchyApp_Prefix.pch */ = {isa = PBXFileReference; fileEncoding = 4; lastKnownFileType = sourcecode.c.h; path = HierarchyApp_Prefix.pch; sourceTree = "<group>"; };
		52191F8F11B7FDDB006A53C3 /* date.png */ = {isa = PBXFileReference; lastKnownFileType = image.png; path = date.png; sourceTree = "<group>"; };
		52191FA511B801C5006A53C3 /* authors.png */ = {isa = PBXFileReference; lastKnownFileType = image.png; path = authors.png; sourceTree = "<group>"; };
		52191FA711B801CE006A53C3 /* publishers.png */ = {isa = PBXFileReference; lastKnownFileType = image.png; path = publishers.png; sourceTree = "<group>"; };
		52191FA911B801EE006A53C3 /* genres.png */ = {isa = PBXFileReference; lastKnownFileType = image.png; path = genres.png; sourceTree = "<group>"; };
		5219200411B80A79006A53C3 /* books.png */ = {isa = PBXFileReference; lastKnownFileType = image.png; path = books.png; sourceTree = "<group>"; };
		5220E28211B8EE6800090384 /* Default.png */ = {isa = PBXFileReference; lastKnownFileType = image.png; path = Default.png; sourceTree = "<group>"; };
		5255D98011C78DCF003B9FE2 /* ItemDetailViewController.h */ = {isa = PBXFileReference; fileEncoding = 4; lastKnownFileType = sourcecode.c.h; path = ItemDetailViewController.h; sourceTree = "<group>"; };
		5255D98111C78DCF003B9FE2 /* ItemDetailViewController.m */ = {isa = PBXFileReference; fileEncoding = 4; lastKnownFileType = sourcecode.c.objc; path = ItemDetailViewController.m; sourceTree = "<group>"; };
		5255D98211C78DCF003B9FE2 /* ItemListViewController.h */ = {isa = PBXFileReference; fileEncoding = 4; lastKnownFileType = sourcecode.c.h; path = ItemListViewController.h; sourceTree = "<group>"; };
		5255D98311C78DCF003B9FE2 /* ItemListViewController.m */ = {isa = PBXFileReference; fileEncoding = 4; lastKnownFileType = sourcecode.c.objc; path = ItemListViewController.m; sourceTree = "<group>"; };
		5255D98411C78DCF003B9FE2 /* ItemWebViewController.h */ = {isa = PBXFileReference; fileEncoding = 4; lastKnownFileType = sourcecode.c.h; path = ItemWebViewController.h; sourceTree = "<group>"; };
		5255D98511C78DCF003B9FE2 /* ItemWebViewController.m */ = {isa = PBXFileReference; fileEncoding = 4; lastKnownFileType = sourcecode.c.objc; path = ItemWebViewController.m; sourceTree = "<group>"; };
		5255D98611C78DCF003B9FE2 /* ItemWebViewController.xib */ = {isa = PBXFileReference; lastKnownFileType = file.xib; path = ItemWebViewController.xib; sourceTree = "<group>"; };
		5255D98711C78DCF003B9FE2 /* ListViewController.h */ = {isa = PBXFileReference; fileEncoding = 4; lastKnownFileType = sourcecode.c.h; path = ListViewController.h; sourceTree = "<group>"; };
		5255D98811C78DCF003B9FE2 /* ListViewController.m */ = {isa = PBXFileReference; fileEncoding = 4; lastKnownFileType = sourcecode.c.objc; path = ListViewController.m; sourceTree = "<group>"; };
		5255D98911C78DCF003B9FE2 /* WebBrowserViewController.h */ = {isa = PBXFileReference; fileEncoding = 4; lastKnownFileType = sourcecode.c.h; path = WebBrowserViewController.h; sourceTree = "<group>"; };
		5255D98A11C78DCF003B9FE2 /* WebBrowserViewController.m */ = {isa = PBXFileReference; fileEncoding = 4; lastKnownFileType = sourcecode.c.objc; path = WebBrowserViewController.m; sourceTree = "<group>"; };
		5255D98B11C78DCF003B9FE2 /* WebBrowserViewController.xib */ = {isa = PBXFileReference; lastKnownFileType = file.xib; path = WebBrowserViewController.xib; sourceTree = "<group>"; };
		5255D99811C7919C003B9FE2 /* HierarchyViewController.h */ = {isa = PBXFileReference; fileEncoding = 4; lastKnownFileType = sourcecode.c.h; path = HierarchyViewController.h; sourceTree = "<group>"; };
		5255D99911C7919C003B9FE2 /* HierarchyViewController.m */ = {isa = PBXFileReference; fileEncoding = 4; lastKnownFileType = sourcecode.c.objc; path = HierarchyViewController.m; sourceTree = "<group>"; };
		52D7F83011ABEAE10018EB4F /* appdata.plist */ = {isa = PBXFileReference; fileEncoding = 4; lastKnownFileType = text.plist; path = appdata.plist; sourceTree = "<group>"; };
		52D7F83111ABEAE10018EB4F /* filtersdata.plist */ = {isa = PBXFileReference; fileEncoding = 4; lastKnownFileType = text.plist; path = filtersdata.plist; sourceTree = "<group>"; };
		52D7F83211ABEAE10018EB4F /* maindata.plist */ = {isa = PBXFileReference; fileEncoding = 4; lastKnownFileType = text.plist; path = maindata.plist; sourceTree = "<group>"; };
		52D7FA9E11AD2A1E0018EB4F /* anthem.html */ = {isa = PBXFileReference; fileEncoding = 4; lastKnownFileType = text.html; path = anthem.html; sourceTree = "<group>"; };
		52D7FA9F11AD2A1E0018EB4F /* vilebodies.html */ = {isa = PBXFileReference; fileEncoding = 4; lastKnownFileType = text.html; path = vilebodies.html; sourceTree = "<group>"; };
		52D7FB6F11AECB040018EB4F /* UIButtonBarArrowLeft.png */ = {isa = PBXFileReference; lastKnownFileType = image.png; path = UIButtonBarArrowLeft.png; sourceTree = "<group>"; };
		52D7FB7011AECB040018EB4F /* UIButtonBarArrowRight.png */ = {isa = PBXFileReference; lastKnownFileType = image.png; path = UIButtonBarArrowRight.png; sourceTree = "<group>"; };
		52D7FB7111AECB040018EB4F /* UIButtonBarRefresh.png */ = {isa = PBXFileReference; lastKnownFileType = image.png; path = UIButtonBarRefresh.png; sourceTree = "<group>"; };
		52D7FBB511AED2450018EB4F /* UIButtonBarStop.png */ = {isa = PBXFileReference; lastKnownFileType = image.png; path = UIButtonBarStop.png; sourceTree = "<group>"; };
		52D7FC2711AEDBDF0018EB4F /* Splash.png */ = {isa = PBXFileReference; lastKnownFileType = image.png; path = Splash.png; sourceTree = "<group>"; };
		52D7FC6D11AEE1100018EB4F /* QuartzCore.framework */ = {isa = PBXFileReference; lastKnownFileType = wrapper.framework; name = QuartzCore.framework; path = System/Library/Frameworks/QuartzCore.framework; sourceTree = SDKROOT; };
		8D1107310486CEB800E47090 /* HierarchyApp-Info.plist */ = {isa = PBXFileReference; fileEncoding = 4; lastKnownFileType = text.plist.xml; path = "HierarchyApp-Info.plist"; plistStructureDefinitionIdentifier = "com.apple.xcode.plist.structure-definition.iphone.info-plist"; sourceTree = "<group>"; };
/* End PBXFileReference section */

/* Begin PBXFrameworksBuildPhase section */
		1D60588F0D05DD3D006BFB54 /* Frameworks */ = {
			isa = PBXFrameworksBuildPhase;
			buildActionMask = 2147483647;
			files = (
				1D60589F0D05DD5A006BFB54 /* Foundation.framework in Frameworks */,
				1DF5F4E00D08C38300B7A737 /* UIKit.framework in Frameworks */,
				288765FD0DF74451002DB57D /* CoreGraphics.framework in Frameworks */,
				52D7FC6E11AEE1100018EB4F /* QuartzCore.framework in Frameworks */,
			);
			runOnlyForDeploymentPostprocessing = 0;
		};
/* End PBXFrameworksBuildPhase section */

/* Begin PBXGroup section */
		19C28FACFE9D520D11CA2CBB /* Products */ = {
			isa = PBXGroup;
			children = (
				1D6058910D05DD3D006BFB54 /* HierarchyApp.app */,
			);
			name = Products;
			sourceTree = "<group>";
		};
		2860E324111B887F00E27156 /* iPhone */ = {
			isa = PBXGroup;
			children = (
				2860E325111B887F00E27156 /* AppDelegate_Phone.h */,
				2860E326111B887F00E27156 /* AppDelegate_Phone.m */,
				2860E327111B887F00E27156 /* MainWindow_Phone.xib */,
			);
			path = iPhone;
			sourceTree = "<group>";
		};
		2860E32A111B888700E27156 /* iPad */ = {
			isa = PBXGroup;
			children = (
				2860E32B111B888700E27156 /* AppDelegate_Pad.h */,
				2860E32C111B888700E27156 /* AppDelegate_Pad.m */,
				2860E32D111B888700E27156 /* MainWindow_Pad.xib */,
			);
			path = iPad;
			sourceTree = "<group>";
		};
		28EEBF621118D79A00187D67 /* Shared */ = {
			isa = PBXGroup;
			children = (
				8D1107310486CEB800E47090 /* HierarchyApp-Info.plist */,
			);
			name = Shared;
			sourceTree = "<group>";
		};
		29B97314FDCFA39411CA2CEA /* CustomTemplate */ = {
			isa = PBXGroup;
			children = (
				5255D97F11C78DCF003B9FE2 /* HierarchyViewController */,
				2860E32A111B888700E27156 /* iPad */,
				2860E324111B887F00E27156 /* iPhone */,
				28EEBF621118D79A00187D67 /* Shared */,
				52D7F82F11ABEAE10018EB4F /* Resources */,
				29B97315FDCFA39411CA2CEA /* Other Sources */,
				29B97323FDCFA39411CA2CEA /* Frameworks */,
				19C28FACFE9D520D11CA2CBB /* Products */,
			);
			name = CustomTemplate;
			sourceTree = "<group>";
		};
		29B97315FDCFA39411CA2CEA /* Other Sources */ = {
			isa = PBXGroup;
			children = (
				32CA4F630368D1EE00C91783 /* HierarchyApp_Prefix.pch */,
				29B97316FDCFA39411CA2CEA /* main.m */,
			);
			name = "Other Sources";
			sourceTree = "<group>";
		};
		29B97323FDCFA39411CA2CEA /* Frameworks */ = {
			isa = PBXGroup;
			children = (
				52D7FC6D11AEE1100018EB4F /* QuartzCore.framework */,
				1DF5F4DF0D08C38300B7A737 /* UIKit.framework */,
				1D30AB110D05D00D00671497 /* Foundation.framework */,
				288765FC0DF74451002DB57D /* CoreGraphics.framework */,
			);
			name = Frameworks;
			sourceTree = "<group>";
		};
		5255D97F11C78DCF003B9FE2 /* HierarchyViewController */ = {
			isa = PBXGroup;
			children = (
				5255D98011C78DCF003B9FE2 /* ItemDetailViewController.h */,
				5255D98111C78DCF003B9FE2 /* ItemDetailViewController.m */,
				5255D98211C78DCF003B9FE2 /* ItemListViewController.h */,
				5255D98311C78DCF003B9FE2 /* ItemListViewController.m */,
				5255D98411C78DCF003B9FE2 /* ItemWebViewController.h */,
				5255D98511C78DCF003B9FE2 /* ItemWebViewController.m */,
				5255D98611C78DCF003B9FE2 /* ItemWebViewController.xib */,
				5255D98711C78DCF003B9FE2 /* ListViewController.h */,
				5255D98811C78DCF003B9FE2 /* ListViewController.m */,
				5255D98911C78DCF003B9FE2 /* WebBrowserViewController.h */,
				5255D98A11C78DCF003B9FE2 /* WebBrowserViewController.m */,
				5255D98B11C78DCF003B9FE2 /* WebBrowserViewController.xib */,
				5255D99811C7919C003B9FE2 /* HierarchyViewController.h */,
				5255D99911C7919C003B9FE2 /* HierarchyViewController.m */,
			);
			path = HierarchyViewController;
			sourceTree = "<group>";
		};
		52D7F82F11ABEAE10018EB4F /* Resources */ = {
			isa = PBXGroup;
			children = (
				52D7FB6E11AECB040018EB4F /* Images */,
				52D7FA9D11AD2A1E0018EB4F /* html */,
				52D7F83011ABEAE10018EB4F /* appdata.plist */,
				52D7F83111ABEAE10018EB4F /* filtersdata.plist */,
				52D7F83211ABEAE10018EB4F /* maindata.plist */,
			);
			path = Resources;
			sourceTree = "<group>";
		};
		52D7FA9D11AD2A1E0018EB4F /* html */ = {
			isa = PBXGroup;
			children = (
				52D7FA9E11AD2A1E0018EB4F /* anthem.html */,
				52D7FA9F11AD2A1E0018EB4F /* vilebodies.html */,
			);
			path = html;
			sourceTree = "<group>";
		};
		52D7FB6E11AECB040018EB4F /* Images */ = {
			isa = PBXGroup;
			children = (
				5220E28211B8EE6800090384 /* Default.png */,
				52191F8F11B7FDDB006A53C3 /* date.png */,
				52191FA511B801C5006A53C3 /* authors.png */,
				52191FA711B801CE006A53C3 /* publishers.png */,
				52191FA911B801EE006A53C3 /* genres.png */,
				5219200411B80A79006A53C3 /* books.png */,
				52D7FC2711AEDBDF0018EB4F /* Splash.png */,
				52D7FB6F11AECB040018EB4F /* UIButtonBarArrowLeft.png */,
				52D7FB7011AECB040018EB4F /* UIButtonBarArrowRight.png */,
				52D7FB7111AECB040018EB4F /* UIButtonBarRefresh.png */,
				52D7FBB511AED2450018EB4F /* UIButtonBarStop.png */,
			);
			path = Images;
			sourceTree = "<group>";
		};
/* End PBXGroup section */

/* Begin PBXNativeTarget section */
		1D6058900D05DD3D006BFB54 /* HierarchyApp */ = {
			isa = PBXNativeTarget;
			buildConfigurationList = 1D6058960D05DD3E006BFB54 /* Build configuration list for PBXNativeTarget "HierarchyApp" */;
			buildPhases = (
				1D60588D0D05DD3D006BFB54 /* Resources */,
				1D60588E0D05DD3D006BFB54 /* Sources */,
				1D60588F0D05DD3D006BFB54 /* Frameworks */,
			);
			buildRules = (
			);
			dependencies = (
			);
			name = HierarchyApp;
			productName = HierarchyApp;
			productReference = 1D6058910D05DD3D006BFB54 /* HierarchyApp.app */;
			productType = "com.apple.product-type.application";
		};
/* End PBXNativeTarget section */

/* Begin PBXProject section */
		29B97313FDCFA39411CA2CEA /* Project object */ = {
			isa = PBXProject;
			buildConfigurationList = C01FCF4E08A954540054247B /* Build configuration list for PBXProject "HierarchyApp" */;
			compatibilityVersion = "Xcode 3.1";
			hasScannedForEncodings = 1;
			mainGroup = 29B97314FDCFA39411CA2CEA /* CustomTemplate */;
			projectDirPath = "";
			projectRoot = "";
			targets = (
				1D6058900D05DD3D006BFB54 /* HierarchyApp */,
			);
		};
/* End PBXProject section */

/* Begin PBXResourcesBuildPhase section */
		1D60588D0D05DD3D006BFB54 /* Resources */ = {
			isa = PBXResourcesBuildPhase;
			buildActionMask = 2147483647;
			files = (
				2860E329111B887F00E27156 /* MainWindow_Phone.xib in Resources */,
				2860E32F111B888700E27156 /* MainWindow_Pad.xib in Resources */,
				52D7F83311ABEAE10018EB4F /* appdata.plist in Resources */,
				52D7F83411ABEAE10018EB4F /* filtersdata.plist in Resources */,
				52D7F83511ABEAE10018EB4F /* maindata.plist in Resources */,
				52D7FAA011AD2A1E0018EB4F /* anthem.html in Resources */,
				52D7FAA111AD2A1E0018EB4F /* vilebodies.html in Resources */,
				52D7FB7211AECB040018EB4F /* UIButtonBarArrowLeft.png in Resources */,
				52D7FB7311AECB040018EB4F /* UIButtonBarArrowRight.png in Resources */,
				52D7FB7411AECB040018EB4F /* UIButtonBarRefresh.png in Resources */,
				52D7FBB611AED2450018EB4F /* UIButtonBarStop.png in Resources */,
				52D7FC2811AEDBDF0018EB4F /* Splash.png in Resources */,
				52191F9011B7FDDB006A53C3 /* date.png in Resources */,
				52191FA611B801C5006A53C3 /* authors.png in Resources */,
				52191FA811B801CE006A53C3 /* publishers.png in Resources */,
				52191FAA11B801EE006A53C3 /* genres.png in Resources */,
				5219200511B80A79006A53C3 /* books.png in Resources */,
				5220E28311B8EE6800090384 /* Default.png in Resources */,
				5255D98F11C78DCF003B9FE2 /* ItemWebViewController.xib in Resources */,
				5255D99211C78DCF003B9FE2 /* WebBrowserViewController.xib in Resources */,
			);
			runOnlyForDeploymentPostprocessing = 0;
		};
/* End PBXResourcesBuildPhase section */

/* Begin PBXSourcesBuildPhase section */
		1D60588E0D05DD3D006BFB54 /* Sources */ = {
			isa = PBXSourcesBuildPhase;
			buildActionMask = 2147483647;
			files = (
				1D60589B0D05DD56006BFB54 /* main.m in Sources */,
				2860E328111B887F00E27156 /* AppDelegate_Phone.m in Sources */,
				2860E32E111B888700E27156 /* AppDelegate_Pad.m in Sources */,
				5255D98C11C78DCF003B9FE2 /* ItemDetailViewController.m in Sources */,
				5255D98D11C78DCF003B9FE2 /* ItemListViewController.m in Sources */,
				5255D98E11C78DCF003B9FE2 /* ItemWebViewController.m in Sources */,
				5255D99011C78DCF003B9FE2 /* ListViewController.m in Sources */,
				5255D99111C78DCF003B9FE2 /* WebBrowserViewController.m in Sources */,
				5255D99A11C7919C003B9FE2 /* HierarchyViewController.m in Sources */,
			);
			runOnlyForDeploymentPostprocessing = 0;
		};
/* End PBXSourcesBuildPhase section */

/* Begin XCBuildConfiguration section */
		1D6058940D05DD3E006BFB54 /* Debug */ = {
			isa = XCBuildConfiguration;
			buildSettings = {
				ALWAYS_SEARCH_USER_PATHS = NO;
				COPY_PHASE_STRIP = NO;
				GCC_DYNAMIC_NO_PIC = NO;
				GCC_OPTIMIZATION_LEVEL = 0;
				GCC_PRECOMPILE_PREFIX_HEADER = YES;
				GCC_PREFIX_HEADER = HierarchyApp_Prefix.pch;
				INFOPLIST_FILE = "HierarchyApp-Info.plist";
				PRODUCT_NAME = HierarchyApp;
			};
			name = Debug;
		};
		1D6058950D05DD3E006BFB54 /* Release */ = {
			isa = XCBuildConfiguration;
			buildSettings = {
				ALWAYS_SEARCH_USER_PATHS = NO;
				COPY_PHASE_STRIP = YES;
				GCC_PRECOMPILE_PREFIX_HEADER = YES;
				GCC_PREFIX_HEADER = HierarchyApp_Prefix.pch;
				INFOPLIST_FILE = "HierarchyApp-Info.plist";
				PRODUCT_NAME = HierarchyApp;
				VALIDATE_PRODUCT = YES;
			};
			name = Release;
		};
		C01FCF4F08A954540054247B /* Debug */ = {
			isa = XCBuildConfiguration;
			buildSettings = {
				ARCHS = "$(ARCHS_UNIVERSAL_IPHONE_OS)";
				"CODE_SIGN_IDENTITY[sdk=iphoneos*]" = "iPhone Developer";
				GCC_C_LANGUAGE_STANDARD = c99;
				GCC_WARN_ABOUT_RETURN_TYPE = YES;
				GCC_WARN_UNUSED_VARIABLE = YES;
				IPHONEOS_DEPLOYMENT_TARGET = 3.1;
				PREBINDING = NO;
				SDKROOT = iphoneos3.2;
				TARGETED_DEVICE_FAMILY = "1,2";
			};
			name = Debug;
		};
		C01FCF5008A954540054247B /* Release */ = {
			isa = XCBuildConfiguration;
			buildSettings = {
				ARCHS = "$(ARCHS_UNIVERSAL_IPHONE_OS)";
				"CODE_SIGN_IDENTITY[sdk=iphoneos*]" = "iPhone Developer";
				GCC_C_LANGUAGE_STANDARD = c99;
				GCC_WARN_ABOUT_RETURN_TYPE = YES;
				GCC_WARN_UNUSED_VARIABLE = YES;
				IPHONEOS_DEPLOYMENT_TARGET = 3.1;
				OTHER_CFLAGS = "-DNS_BLOCK_ASSERTIONS=1";
				PREBINDING = NO;
				SDKROOT = iphoneos3.2;
				TARGETED_DEVICE_FAMILY = "1,2";
			};
			name = Release;
		};
/* End XCBuildConfiguration section */

/* Begin XCConfigurationList section */
		1D6058960D05DD3E006BFB54 /* Build configuration list for PBXNativeTarget "HierarchyApp" */ = {
			isa = XCConfigurationList;
			buildConfigurations = (
				1D6058940D05DD3E006BFB54 /* Debug */,
				1D6058950D05DD3E006BFB54 /* Release */,
			);
			defaultConfigurationIsVisible = 0;
			defaultConfigurationName = Release;
		};
		C01FCF4E08A954540054247B /* Build configuration list for PBXProject "HierarchyApp" */ = {
			isa = XCConfigurationList;
			buildConfigurations = (
				C01FCF4F08A954540054247B /* Debug */,
				C01FCF5008A954540054247B /* Release */,
			);
			defaultConfigurationIsVisible = 0;
			defaultConfigurationName = Release;
		};
/* End XCConfigurationList section */
	};
	rootObject = 29B97313FDCFA39411CA2CEA /* Project object */;
}
